
Microsoft Visual Studio Solution File, Format Version 12.00
# Visual Studio Version 17
VisualStudioVersion = 17.11.35208.52
MinimumVisualStudioVersion = 10.0.40219.1
Project("{FAE04EC0-301F-11D3-BF4B-00C04F79EFBC}") = "Ch04-Demo01", "Ch04-Demo01\Ch04-Demo01.csproj", "{3405E9A0-51CA-4F5A-A007-F15859820C75}"
EndProject
Global
	GlobalSection(SolutionConfigurationPlatforms) = preSolution
		Debug|Any CPU = Debug|Any CPU
		Release|Any CPU = Release|Any CPU
	EndGlobalSection
	GlobalSection(ProjectConfigurationPlatforms) = postSolution
		{3405E9A0-51CA-4F5A-A007-F15859820C75}.Debug|Any CPU.ActiveCfg = Debug|Any CPU
		{3405E9A0-51CA-4F5A-A007-F15859820C75}.Debug|Any CPU.Build.0 = Debug|Any CPU
		{3405E9A0-51CA-4F5A-A007-F15859820C75}.Release|Any CPU.ActiveCfg = Release|Any CPU
		{3405E9A0-51CA-4F5A-A007-F15859820C75}.Release|Any CPU.Build.0 = Release|Any CPU
	EndGlobalSection
	GlobalSection(SolutionProperties) = preSolution
		HideSolutionNode = FALSE
	EndGlobalSection
	GlobalSection(ExtensibilityGlobals) = postSolution
		SolutionGuid = {7781B3FA-4248-407C-B656-F3CB854A9402}
	EndGlobalSection
EndGlobal
