
Microsoft Visual Studio Solution File, Format Version 12.00
# Visual Studio Version 17
VisualStudioVersion = 17.11.35208.52
MinimumVisualStudioVersion = 10.0.40219.1
Project("{FAE04EC0-301F-11D3-BF4B-00C04F79EFBC}") = "Project5-2", "Project5-2\Project5-2.csproj", "{E26A6665-E51E-4D29-BC8C-E13A932D6CD8}"
EndProject
Global
	GlobalSection(SolutionConfigurationPlatforms) = preSolution
		Debug|Any CPU = Debug|Any CPU
		Release|Any CPU = Release|Any CPU
	EndGlobalSection
	GlobalSection(ProjectConfigurationPlatforms) = postSolution
		{E26A6665-E51E-4D29-BC8C-E13A932D6CD8}.Debug|Any CPU.ActiveCfg = Debug|Any CPU
		{E26A6665-E51E-4D29-BC8C-E13A932D6CD8}.Debug|Any CPU.Build.0 = Debug|Any CPU
		{E26A6665-E51E-4D29-BC8C-E13A932D6CD8}.Release|Any CPU.ActiveCfg = Release|Any CPU
		{E26A6665-E51E-4D29-BC8C-E13A932D6CD8}.Release|Any CPU.Build.0 = Release|Any CPU
	EndGlobalSection
	GlobalSection(SolutionProperties) = preSolution
		HideSolutionNode = FALSE
	EndGlobalSection
	GlobalSection(ExtensibilityGlobals) = postSolution
		SolutionGuid = {D6DAC789-23C4-48C2-AA86-71DB777D58BD}
	EndGlobalSection
EndGlobal
