
Microsoft Visual Studio Solution File, Format Version 12.00
# Visual Studio Version 17
VisualStudioVersion = 17.11.35208.52
MinimumVisualStudioVersion = 10.0.40219.1
Project("{FAE04EC0-301F-11D3-BF4B-00C04F79EFBC}") = "Ch08-Arrays-Collections", "Ch08-Arrays-Collections\Ch08-Arrays-Collections.csproj", "{75E94221-5D08-4503-9721-8E58367DAD6B}"
EndProject
Global
	GlobalSection(SolutionConfigurationPlatforms) = preSolution
		Debug|Any CPU = Debug|Any CPU
		Release|Any CPU = Release|Any CPU
	EndGlobalSection
	GlobalSection(ProjectConfigurationPlatforms) = postSolution
		{75E94221-5D08-4503-9721-8E58367DAD6B}.Debug|Any CPU.ActiveCfg = Debug|Any CPU
		{75E94221-5D08-4503-9721-8E58367DAD6B}.Debug|Any CPU.Build.0 = Debug|Any CPU
		{75E94221-5D08-4503-9721-8E58367DAD6B}.Release|Any CPU.ActiveCfg = Release|Any CPU
		{75E94221-5D08-4503-9721-8E58367DAD6B}.Release|Any CPU.Build.0 = Release|Any CPU
	EndGlobalSection
	GlobalSection(SolutionProperties) = preSolution
		HideSolutionNode = FALSE
	EndGlobalSection
	GlobalSection(ExtensibilityGlobals) = postSolution
		SolutionGuid = {D9E080BC-2762-465B-9C56-7D14F5A573CA}
	EndGlobalSection
EndGlobal
