
Microsoft Visual Studio Solution File, Format Version 12.00
# Visual Studio Version 17
VisualStudioVersion = 17.11.35208.52
MinimumVisualStudioVersion = 10.0.40219.1
Project("{FAE04EC0-301F-11D3-BF4B-00C04F79EFBC}") = "Project08MoviesArrays", "Project08MoviesArrays\Project08MoviesArrays.csproj", "{AE623628-5FC2-4B72-8365-E40EE4E9238C}"
EndProject
Global
	GlobalSection(SolutionConfigurationPlatforms) = preSolution
		Debug|Any CPU = Debug|Any CPU
		Release|Any CPU = Release|Any CPU
	EndGlobalSection
	GlobalSection(ProjectConfigurationPlatforms) = postSolution
		{AE623628-5FC2-4B72-8365-E40EE4E9238C}.Debug|Any CPU.ActiveCfg = Debug|Any CPU
		{AE623628-5FC2-4B72-8365-E40EE4E9238C}.Debug|Any CPU.Build.0 = Debug|Any CPU
		{AE623628-5FC2-4B72-8365-E40EE4E9238C}.Release|Any CPU.ActiveCfg = Release|Any CPU
		{AE623628-5FC2-4B72-8365-E40EE4E9238C}.Release|Any CPU.Build.0 = Release|Any CPU
	EndGlobalSection
	GlobalSection(SolutionProperties) = preSolution
		HideSolutionNode = FALSE
	EndGlobalSection
	GlobalSection(ExtensibilityGlobals) = postSolution
		SolutionGuid = {1B1FC85C-207B-482C-972C-2E3783CF277E}
	EndGlobalSection
EndGlobal
