
Microsoft Visual Studio Solution File, Format Version 12.00
# Visual Studio Version 17
VisualStudioVersion = 17.11.35208.52
MinimumVisualStudioVersion = 10.0.40219.1
Project("{FAE04EC0-301F-11D3-BF4B-00C04F79EFBC}") = "Project 5-3", "Project 5-3\Project 5-3.csproj", "{A04259D9-D72B-4563-B1D8-1102871A620D}"
EndProject
Global
	GlobalSection(SolutionConfigurationPlatforms) = preSolution
		Debug|Any CPU = Debug|Any CPU
		Release|Any CPU = Release|Any CPU
	EndGlobalSection
	GlobalSection(ProjectConfigurationPlatforms) = postSolution
		{A04259D9-D72B-4563-B1D8-1102871A620D}.Debug|Any CPU.ActiveCfg = Debug|Any CPU
		{A04259D9-D72B-4563-B1D8-1102871A620D}.Debug|Any CPU.Build.0 = Debug|Any CPU
		{A04259D9-D72B-4563-B1D8-1102871A620D}.Release|Any CPU.ActiveCfg = Release|Any CPU
		{A04259D9-D72B-4563-B1D8-1102871A620D}.Release|Any CPU.Build.0 = Release|Any CPU
	EndGlobalSection
	GlobalSection(SolutionProperties) = preSolution
		HideSolutionNode = FALSE
	EndGlobalSection
	GlobalSection(ExtensibilityGlobals) = postSolution
		SolutionGuid = {F2A7D671-82FD-4C36-A271-B34F7AAEE9EB}
	EndGlobalSection
EndGlobal
