
Microsoft Visual Studio Solution File, Format Version 12.00
# Visual Studio Version 17
VisualStudioVersion = 17.11.35222.181
MinimumVisualStudioVersion = 10.0.40219.1
Project("{FAE04EC0-301F-11D3-BF4B-00C04F79EFBC}") = "Inheritance", "Inheritance\Inheritance.csproj", "{D3EDE16D-EC96-4253-A676-E45ED6DB3319}"
EndProject
Global
	GlobalSection(SolutionConfigurationPlatforms) = preSolution
		Debug|Any CPU = Debug|Any CPU
		Release|Any CPU = Release|Any CPU
	EndGlobalSection
	GlobalSection(ProjectConfigurationPlatforms) = postSolution
		{D3EDE16D-EC96-4253-A676-E45ED6DB3319}.Debug|Any CPU.ActiveCfg = Debug|Any CPU
		{D3EDE16D-EC96-4253-A676-E45ED6DB3319}.Debug|Any CPU.Build.0 = Debug|Any CPU
		{D3EDE16D-EC96-4253-A676-E45ED6DB3319}.Release|Any CPU.ActiveCfg = Release|Any CPU
		{D3EDE16D-EC96-4253-A676-E45ED6DB3319}.Release|Any CPU.Build.0 = Release|Any CPU
	EndGlobalSection
	GlobalSection(SolutionProperties) = preSolution
		HideSolutionNode = FALSE
	EndGlobalSection
	GlobalSection(ExtensibilityGlobals) = postSolution
		SolutionGuid = {B56800E5-A4C2-433F-A1FE-3946F36C1816}
	EndGlobalSection
EndGlobal
