
Microsoft Visual Studio Solution File, Format Version 12.00
# Visual Studio Version 17
VisualStudioVersion = 17.11.35208.52
MinimumVisualStudioVersion = 10.0.40219.1
Project("{FAE04EC0-301F-11D3-BF4B-00C04F79EFBC}") = "Project5-3 Demo", "Project5-3 Demo\Project5-3 Demo.csproj", "{722935A5-9B07-4A54-BF92-C8AF57CC02D2}"
EndProject
Global
	GlobalSection(SolutionConfigurationPlatforms) = preSolution
		Debug|Any CPU = Debug|Any CPU
		Release|Any CPU = Release|Any CPU
	EndGlobalSection
	GlobalSection(ProjectConfigurationPlatforms) = postSolution
		{722935A5-9B07-4A54-BF92-C8AF57CC02D2}.Debug|Any CPU.ActiveCfg = Debug|Any CPU
		{722935A5-9B07-4A54-BF92-C8AF57CC02D2}.Debug|Any CPU.Build.0 = Debug|Any CPU
		{722935A5-9B07-4A54-BF92-C8AF57CC02D2}.Release|Any CPU.ActiveCfg = Release|Any CPU
		{722935A5-9B07-4A54-BF92-C8AF57CC02D2}.Release|Any CPU.Build.0 = Release|Any CPU
	EndGlobalSection
	GlobalSection(SolutionProperties) = preSolution
		HideSolutionNode = FALSE
	EndGlobalSection
	GlobalSection(ExtensibilityGlobals) = postSolution
		SolutionGuid = {66D46E61-9EC4-49D6-8C84-ECCA52035BE9}
	EndGlobalSection
EndGlobal
