
Microsoft Visual Studio Solution File, Format Version 12.00
# Visual Studio Version 17
VisualStudioVersion = 17.11.35208.52
MinimumVisualStudioVersion = 10.0.40219.1
Project("{FAE04EC0-301F-11D3-BF4B-00C04F79EFBC}") = "Ch05-Demo", "Ch05-Demo\Ch05-Demo.csproj", "{DFB27BD4-59F5-486E-8B78-FC7B09BC7952}"
EndProject
Global
	GlobalSection(SolutionConfigurationPlatforms) = preSolution
		Debug|Any CPU = Debug|Any CPU
		Release|Any CPU = Release|Any CPU
	EndGlobalSection
	GlobalSection(ProjectConfigurationPlatforms) = postSolution
		{DFB27BD4-59F5-486E-8B78-FC7B09BC7952}.Debug|Any CPU.ActiveCfg = Debug|Any CPU
		{DFB27BD4-59F5-486E-8B78-FC7B09BC7952}.Debug|Any CPU.Build.0 = Debug|Any CPU
		{DFB27BD4-59F5-486E-8B78-FC7B09BC7952}.Release|Any CPU.ActiveCfg = Release|Any CPU
		{DFB27BD4-59F5-486E-8B78-FC7B09BC7952}.Release|Any CPU.Build.0 = Release|Any CPU
	EndGlobalSection
	GlobalSection(SolutionProperties) = preSolution
		HideSolutionNode = FALSE
	EndGlobalSection
	GlobalSection(ExtensibilityGlobals) = postSolution
		SolutionGuid = {A68846B2-2976-42C5-894F-FA68D792EF56}
	EndGlobalSection
EndGlobal
