
Microsoft Visual Studio Solution File, Format Version 12.00
# Visual Studio Version 17
VisualStudioVersion = 17.11.35303.130
MinimumVisualStudioVersion = 10.0.40219.1
Project("{FAE04EC0-301F-11D3-BF4B-00C04F79EFBC}") = "Ch18-LINQ", "Ch18-LINQ\Ch18-LINQ.csproj", "{C0806A75-171B-403A-A1BE-9ADB07D22C59}"
EndProject
Global
	GlobalSection(SolutionConfigurationPlatforms) = preSolution
		Debug|Any CPU = Debug|Any CPU
		Release|Any CPU = Release|Any CPU
	EndGlobalSection
	GlobalSection(ProjectConfigurationPlatforms) = postSolution
		{C0806A75-171B-403A-A1BE-9ADB07D22C59}.Debug|Any CPU.ActiveCfg = Debug|Any CPU
		{C0806A75-171B-403A-A1BE-9ADB07D22C59}.Debug|Any CPU.Build.0 = Debug|Any CPU
		{C0806A75-171B-403A-A1BE-9ADB07D22C59}.Release|Any CPU.ActiveCfg = Release|Any CPU
		{C0806A75-171B-403A-A1BE-9ADB07D22C59}.Release|Any CPU.Build.0 = Release|Any CPU
	EndGlobalSection
	GlobalSection(SolutionProperties) = preSolution
		HideSolutionNode = FALSE
	EndGlobalSection
	GlobalSection(ExtensibilityGlobals) = postSolution
		SolutionGuid = {BF31459D-F6C7-44A6-B09D-0FA27D8B666A}
	EndGlobalSection
EndGlobal
