
Microsoft Visual Studio Solution File, Format Version 12.00
# Visual Studio Version 17
VisualStudioVersion = 17.11.35222.181
MinimumVisualStudioVersion = 10.0.40219.1
Project("{FAE04EC0-301F-11D3-BF4B-00C04F79EFBC}") = "CodingChallenge-RotateLeft", "CodingChallenge-RotateLeft\CodingChallenge-RotateLeft.csproj", "{92EEA5C8-FF0A-49CE-8FE4-810D623A095E}"
EndProject
Global
	GlobalSection(SolutionConfigurationPlatforms) = preSolution
		Debug|Any CPU = Debug|Any CPU
		Release|Any CPU = Release|Any CPU
	EndGlobalSection
	GlobalSection(ProjectConfigurationPlatforms) = postSolution
		{92EEA5C8-FF0A-49CE-8FE4-810D623A095E}.Debug|Any CPU.ActiveCfg = Debug|Any CPU
		{92EEA5C8-FF0A-49CE-8FE4-810D623A095E}.Debug|Any CPU.Build.0 = Debug|Any CPU
		{92EEA5C8-FF0A-49CE-8FE4-810D623A095E}.Release|Any CPU.ActiveCfg = Release|Any CPU
		{92EEA5C8-FF0A-49CE-8FE4-810D623A095E}.Release|Any CPU.Build.0 = Release|Any CPU
	EndGlobalSection
	GlobalSection(SolutionProperties) = preSolution
		HideSolutionNode = FALSE
	EndGlobalSection
	GlobalSection(ExtensibilityGlobals) = postSolution
		SolutionGuid = {E8EC3B4B-4FE9-43F1-94D3-D6DB40AA3687}
	EndGlobalSection
EndGlobal
