
Microsoft Visual Studio Solution File, Format Version 12.00
# Visual Studio Version 17
VisualStudioVersion = 17.11.35222.181
MinimumVisualStudioVersion = 10.0.40219.1
Project("{FAE04EC0-301F-11D3-BF4B-00C04F79EFBC}") = "StaticDemo-Mike", "StaticDemo-Mike\StaticDemo-Mike.csproj", "{197E6544-7734-4E2F-AF6C-752ACD711C60}"
EndProject
Global
	GlobalSection(SolutionConfigurationPlatforms) = preSolution
		Debug|Any CPU = Debug|Any CPU
		Release|Any CPU = Release|Any CPU
	EndGlobalSection
	GlobalSection(ProjectConfigurationPlatforms) = postSolution
		{197E6544-7734-4E2F-AF6C-752ACD711C60}.Debug|Any CPU.ActiveCfg = Debug|Any CPU
		{197E6544-7734-4E2F-AF6C-752ACD711C60}.Debug|Any CPU.Build.0 = Debug|Any CPU
		{197E6544-7734-4E2F-AF6C-752ACD711C60}.Release|Any CPU.ActiveCfg = Release|Any CPU
		{197E6544-7734-4E2F-AF6C-752ACD711C60}.Release|Any CPU.Build.0 = Release|Any CPU
	EndGlobalSection
	GlobalSection(SolutionProperties) = preSolution
		HideSolutionNode = FALSE
	EndGlobalSection
	GlobalSection(ExtensibilityGlobals) = postSolution
		SolutionGuid = {C3E662C0-9100-4EDB-88F9-0F45DF91E04A}
	EndGlobalSection
EndGlobal
