
Microsoft Visual Studio Solution File, Format Version 12.00
# Visual Studio Version 17
VisualStudioVersion = 17.11.35222.181
MinimumVisualStudioVersion = 10.0.40219.1
Project("{FAE04EC0-301F-11D3-BF4B-00C04F79EFBC}") = "WkProject from Mike", "WkProject from Mike\WkProject from Mike.csproj", "{133F3FBA-1283-4575-AFB9-A92295A6470D}"
EndProject
Global
	GlobalSection(SolutionConfigurationPlatforms) = preSolution
		Debug|Any CPU = Debug|Any CPU
		Release|Any CPU = Release|Any CPU
	EndGlobalSection
	GlobalSection(ProjectConfigurationPlatforms) = postSolution
		{133F3FBA-1283-4575-AFB9-A92295A6470D}.Debug|Any CPU.ActiveCfg = Debug|Any CPU
		{133F3FBA-1283-4575-AFB9-A92295A6470D}.Debug|Any CPU.Build.0 = Debug|Any CPU
		{133F3FBA-1283-4575-AFB9-A92295A6470D}.Release|Any CPU.ActiveCfg = Release|Any CPU
		{133F3FBA-1283-4575-AFB9-A92295A6470D}.Release|Any CPU.Build.0 = Release|Any CPU
	EndGlobalSection
	GlobalSection(SolutionProperties) = preSolution
		HideSolutionNode = FALSE
	EndGlobalSection
	GlobalSection(ExtensibilityGlobals) = postSolution
		SolutionGuid = {294892C0-F87C-4B10-B4E4-F4E6A79A52DE}
	EndGlobalSection
EndGlobal
