
Microsoft Visual Studio Solution File, Format Version 12.00
# Visual Studio Version 17
VisualStudioVersion = 17.11.35222.181
MinimumVisualStudioVersion = 10.0.40219.1
Project("{FAE04EC0-301F-11D3-BF4B-00C04F79EFBC}") = "Ch09-BankingDemo", "Ch09-BankingDemo\Ch09-BankingDemo.csproj", "{ACE217C6-1E2D-40FC-B6D1-FE04A2C79454}"
EndProject
Global
	GlobalSection(SolutionConfigurationPlatforms) = preSolution
		Debug|Any CPU = Debug|Any CPU
		Release|Any CPU = Release|Any CPU
	EndGlobalSection
	GlobalSection(ProjectConfigurationPlatforms) = postSolution
		{ACE217C6-1E2D-40FC-B6D1-FE04A2C79454}.Debug|Any CPU.ActiveCfg = Debug|Any CPU
		{ACE217C6-1E2D-40FC-B6D1-FE04A2C79454}.Debug|Any CPU.Build.0 = Debug|Any CPU
		{ACE217C6-1E2D-40FC-B6D1-FE04A2C79454}.Release|Any CPU.ActiveCfg = Release|Any CPU
		{ACE217C6-1E2D-40FC-B6D1-FE04A2C79454}.Release|Any CPU.Build.0 = Release|Any CPU
	EndGlobalSection
	GlobalSection(SolutionProperties) = preSolution
		HideSolutionNode = FALSE
	EndGlobalSection
	GlobalSection(ExtensibilityGlobals) = postSolution
		SolutionGuid = {75DE90D6-9AD9-432E-8580-EC5F9655B7E7}
	EndGlobalSection
EndGlobal
